// !$*UTF8*$!
{
	archiveVersion = 1;
	classes = {
	};
	objectVersion = 77;
	objects = {

/* Begin PBXContainerItemProxy section */
		1507CCA82E68BED600C05232 /* PBXContainerItemProxy */ = {
			isa = PBXContainerItemProxy;
			containerPortal = 1507CC922E68BED400C05232 /* Project object */;
			proxyType = 1;
			remoteGlobalIDString = 1507CC992E68BED400C05232;
			remoteInfo = UniverseRPG;
		};
		1507CCB22E68BED600C05232 /* PBXContainerItemProxy */ = {
			isa = PBXContainerItemProxy;
			containerPortal = 1507CC922E68BED400C05232 /* Project object */;
			proxyType = 1;
			remoteGlobalIDString = 1507CC992E68BED400C05232;
			remoteInfo = UniverseRPG;
		};
/* End PBXContainerItemProxy section */

/* Begin PBXFileReference section */
		1507CC9A2E68BED400C05232 /* UniverseRPG.app */ = {isa = PBXFileReference; explicitFileType = wrapper.application; includeInIndex = 0; path = UniverseRPG.app; sourceTree = BUILT_PRODUCTS_DIR; };
		1507CCA72E68BED600C05232 /* UniverseRPGTests.xctest */ = {isa = PBXFileReference; explicitFileType = wrapper.cfbundle; includeInIndex = 0; path = UniverseRPGTests.xctest; sourceTree = BUILT_PRODUCTS_DIR; };
		1507CCB12E68BED600C05232 /* UniverseRPGUITests.xctest */ = {isa = PBXFileReference; explicitFileType = wrapper.cfbundle; includeInIndex = 0; path = UniverseRPGUITests.xctest; sourceTree = BUILT_PRODUCTS_DIR; };
/* End PBXFileReference section */

/* Begin PBXFileSystemSynchronizedRootGroup section */
		1507CC9C2E68BED400C05232 /* UniverseRPG */ = {
			isa = PBXFileSystemSynchronizedRootGroup;
			path = UniverseRPG;
			sourceTree = "<group>";
		};
		1507CCAA2E68BED600C05232 /* UniverseRPGTests */ = {
			isa = PBXFileSystemSynchronizedRootGroup;
			path = UniverseRPGTests;
			sourceTree = "<group>";
		};
		1507CCB42E68BED600C05232 /* UniverseRPGUITests */ = {
			isa = PBXFileSystemSynchronizedRootGroup;
			path = UniverseRPGUITests;
			sourceTree = "<group>";
		};
/* End PBXFileSystemSynchronizedRootGroup section */

/* Begin PBXFrameworksBuildPhase section */
		1507CC972E68BED400C05232 /* Frameworks */ = {
			isa = PBXFrameworksBuildPhase;
			buildActionMask = 2147483647;
			files = (
			);
			runOnlyForDeploymentPostprocessing = 0;
		};
		1507CCA42E68BED600C05232 /* Frameworks */ = {
			isa = PBXFrameworksBuildPhase;
			buildActionMask = 2147483647;
			files = (
			);
			runOnlyForDeploymentPostprocessing = 0;
		};
		1507CCAE2E68BED600C05232 /* Frameworks */ = {
			isa = PBXFrameworksBuildPhase;
			buildActionMask = 2147483647;
			files = (
			);
			runOnlyForDeploymentPostprocessing = 0;
		};
/* End PBXFrameworksBuildPhase section */

/* Begin PBXGroup section */
		1507CC912E68BED400C05232 = {
			isa = PBXGroup;
			children = (
				1507CC9C2E68BED400C05232 /* UniverseRPG */,
				1507CCAA2E68BED600C05232 /* UniverseRPGTests */,
				1507CCB42E68BED600C05232 /* UniverseRPGUITests */,
				1507CC9B2E68BED400C05232 /* Products */,
			);
			sourceTree = "<group>";
		};
		1507CC9B2E68BED400C05232 /* Products */ = {
			isa = PBXGroup;
			children = (
				1507CC9A2E68BED400C05232 /* UniverseRPG.app */,
				1507CCA72E68BED600C05232 /* UniverseRPGTests.xctest */,
				1507CCB12E68BED600C05232 /* UniverseRPGUITests.xctest */,
			);
			name = Products;
			sourceTree = "<group>";
		};
/* End PBXGroup section */

/* Begin PBXNativeTarget section */
		1507CC992E68BED400C05232 /* UniverseRPG */ = {
			isa = PBXNativeTarget;
			buildConfigurationList = 1507CCBB2E68BED600C05232 /* Build configuration list for PBXNativeTarget "UniverseRPG" */;
			buildPhases = (
				1507CC962E68BED400C05232 /* Sources */,
				1507CC972E68BED400C05232 /* Frameworks */,
				1507CC982E68BED400C05232 /* Resources */,
			);
			buildRules = (
			);
			dependencies = (
			);
			fileSystemSynchronizedGroups = (
				1507CC9C2E68BED400C05232 /* UniverseRPG */,
			);
			name = UniverseRPG;
			packageProductDependencies = (
			);
			productName = UniverseRPG;
			productReference = 1507CC9A2E68BED400C05232 /* UniverseRPG.app */;
			productType = "com.apple.product-type.application";
		};
		1507CCA62E68BED600C05232 /* UniverseRPGTests */ = {
			isa = PBXNativeTarget;
			buildConfigurationList = 1507CCBE2E68BED600C05232 /* Build configuration list for PBXNativeTarget "UniverseRPGTests" */;
			buildPhases = (
				1507CCA32E68BED600C05232 /* Sources */,
				1507CCA42E68BED600C05232 /* Frameworks */,
				1507CCA52E68BED600C05232 /* Resources */,
			);
			buildRules = (
			);
			dependencies = (
				1507CCA92E68BED600C05232 /* PBXTargetDependency */,
			);
			fileSystemSynchronizedGroups = (
				1507CCAA2E68BED600C05232 /* UniverseRPGTests */,
			);
			name = UniverseRPGTests;
			packageProductDependencies = (
			);
			productName = UniverseRPGTests;
			productReference = 1507CCA72E68BED600C05232 /* UniverseRPGTests.xctest */;
			productType = "com.apple.product-type.bundle.unit-test";
		};
		1507CCB02E68BED600C05232 /* UniverseRPGUITests */ = {
			isa = PBXNativeTarget;
			buildConfigurationList = 1507CCC12E68BED600C05232 /* Build configuration list for PBXNativeTarget "UniverseRPGUITests" */;
			buildPhases = (
				1507CCAD2E68BED600C05232 /* Sources */,
				1507CCAE2E68BED600C05232 /* Frameworks */,
				1507CCAF2E68BED600C05232 /* Resources */,
			);
			buildRules = (
			);
			dependencies = (
				1507CCB32E68BED600C05232 /* PBXTargetDependency */,
			);
			fileSystemSynchronizedGroups = (
				1507CCB42E68BED600C05232 /* UniverseRPGUITests */,
			);
			name = UniverseRPGUITests;
			packageProductDependencies = (
			);
			productName = UniverseRPGUITests;
			productReference = 1507CCB12E68BED600C05232 /* UniverseRPGUITests.xctest */;
			productType = "com.apple.product-type.bundle.ui-testing";
		};
/* End PBXNativeTarget section */

/* Begin PBXProject section */
		1507CC922E68BED400C05232 /* Project object */ = {
			isa = PBXProject;
			attributes = {
				BuildIndependentTargetsInParallel = 1;
				LastSwiftUpdateCheck = 1640;
				LastUpgradeCheck = 1640;
				TargetAttributes = {
					1507CC992E68BED400C05232 = {
						CreatedOnToolsVersion = 16.4;
					};
					1507CCA62E68BED600C05232 = {
						CreatedOnToolsVersion = 16.4;
						TestTargetID = 1507CC992E68BED400C05232;
					};
					1507CCB02E68BED600C05232 = {
						CreatedOnToolsVersion = 16.4;
						TestTargetID = 1507CC992E68BED400C05232;
					};
				};
			};
			buildConfigurationList = 1507CC952E68BED400C05232 /* Build configuration list for PBXProject "UniverseRPG" */;
			developmentRegion = en;
			hasScannedForEncodings = 0;
			knownRegions = (
				en,
				Base,
			);
			mainGroup = 1507CC912E68BED400C05232;
			minimizedProjectReferenceProxies = 1;
			preferredProjectObjectVersion = 77;
			productRefGroup = 1507CC9B2E68BED400C05232 /* Products */;
			projectDirPath = "";
			projectRoot = "";
			targets = (
				1507CC992E68BED400C05232 /* UniverseRPG */,
				1507CCA62E68BED600C05232 /* UniverseRPGTests */,
				1507CCB02E68BED600C05232 /* UniverseRPGUITests */,
			);
		};
/* End PBXProject section */

/* Begin PBXResourcesBuildPhase section */
		1507CC982E68BED400C05232 /* Resources */ = {
			isa = PBXResourcesBuildPhase;
			buildActionMask = 2147483647;
			files = (
			);
			runOnlyForDeploymentPostprocessing = 0;
		};
		1507CCA52E68BED600C05232 /* Resources */ = {
			isa = PBXResourcesBuildPhase;
			buildActionMask = 2147483647;
			files = (
			);
			runOnlyForDeploymentPostprocessing = 0;
		};
		1507CCAF2E68BED600C05232 /* Resources */ = {
			isa = PBXResourcesBuildPhase;
			buildActionMask = 2147483647;
			files = (
			);
			runOnlyForDeploymentPostprocessing = 0;
		};
/* End PBXResourcesBuildPhase section */

/* Begin PBXSourcesBuildPhase section */
		1507CC962E68BED400C05232 /* Sources */ = {
			isa = PBXSourcesBuildPhase;
			buildActionMask = 2147483647;
			files = (
			);
			runOnlyForDeploymentPostprocessing = 0;
		};
		1507CCA32E68BED600C05232 /* Sources */ = {
			isa = PBXSourcesBuildPhase;
			buildActionMask = 2147483647;
			files = (
			);
			runOnlyForDeploymentPostprocessing = 0;
		};
		1507CCAD2E68BED600C05232 /* Sources */ = {
			isa = PBXSourcesBuildPhase;
			buildActionMask = 2147483647;
			files = (
			);
			runOnlyForDeploymentPostprocessing = 0;
		};
/* End PBXSourcesBuildPhase section */

/* Begin PBXTargetDependency section */
		1507CCA92E68BED600C05232 /* PBXTargetDependency */ = {
			isa = PBXTargetDependency;
			target = 1507CC992E68BED400C05232 /* UniverseRPG */;
			targetProxy = 1507CCA82E68BED600C05232 /* PBXContainerItemProxy */;
		};
		1507CCB32E68BED600C05232 /* PBXTargetDependency */ = {
			isa = PBXTargetDependency;
			target = 1507CC992E68BED400C05232 /* UniverseRPG */;
			targetProxy = 1507CCB22E68BED600C05232 /* PBXContainerItemProxy */;
		};
/* End PBXTargetDependency section */

/* Begin XCBuildConfiguration section */
		1507CCB92E68BED600C05232 /* Debug */ = {
			isa = XCBuildConfiguration;
			buildSettings = {
				ALWAYS_SEARCH_USER_PATHS = NO;
				ASSETCATALOG_COMPILER_GENERATE_SWIFT_ASSET_SYMBOL_EXTENSIONS = YES;
				CLANG_ANALYZER_NONNULL = YES;
				CLANG_ANALYZER_NUMBER_OBJECT_CONVERSION = YES_AGGRESSIVE;
				CLANG_CXX_LANGUAGE_STANDARD = "gnu++20";
				CLANG_ENABLE_MODULES = YES;
				CLANG_ENABLE_OBJC_ARC = YES;
				CLANG_ENABLE_OBJC_WEAK = YES;
				CLANG_WARN_BLOCK_CAPTURE_AUTORELEASING = YES;
				CLANG_WARN_BOOL_CONVERSION = YES;
				CLANG_WARN_COMMA = YES;
				CLANG_WARN_CONSTANT_CONVERSION = YES;
				CLANG_WARN_DEPRECATED_OBJC_IMPLEMENTATIONS = YES;
				CLANG_WARN_DIRECT_OBJC_ISA_USAGE = YES_ERROR;
				CLANG_WARN_DOCUMENTATION_COMMENTS = YES;
				CLANG_WARN_EMPTY_BODY = YES;
				CLANG_WARN_ENUM_CONVERSION = YES;
				CLANG_WARN_INFINITE_RECURSION = YES;
				CLANG_WARN_INT_CONVERSION = YES;
				CLANG_WARN_NON_LITERAL_NULL_CONVERSION = YES;
				CLANG_WARN_OBJC_IMPLICIT_RETAIN_SELF = YES;
				CLANG_WARN_OBJC_LITERAL_CONVERSION = YES;
				CLANG_WARN_OBJC_ROOT_CLASS = YES_ERROR;
				CLANG_WARN_QUOTED_INCLUDE_IN_FRAMEWORK_HEADER = YES;
				CLANG_WARN_RANGE_LOOP_ANALYSIS = YES;
				CLANG_WARN_STRICT_PROTOTYPES = YES;
				CLANG_WARN_SUSPICIOUS_MOVE = YES;
				CLANG_WARN_UNGUARDED_AVAILABILITY = YES_AGGRESSIVE;
				CLANG_WARN_UNREACHABLE_CODE = YES;
				CLANG_WARN__DUPLICATE_METHOD_MATCH = YES;
				COPY_PHASE_STRIP = NO;
				DEBUG_INFORMATION_FORMAT = dwarf;
				ENABLE_STRICT_OBJC_MSGSEND = YES;
				ENABLE_TESTABILITY = YES;
				ENABLE_USER_SCRIPT_SANDBOXING = YES;
				GCC_C_LANGUAGE_STANDARD = gnu17;
				GCC_DYNAMIC_NO_PIC = NO;
				GCC_NO_COMMON_BLOCKS = YES;
				GCC_OPTIMIZATION_LEVEL = 0;
				GCC_PREPROCESSOR_DEFINITIONS = (
					"DEBUG=1",
					"$(inherited)",
				);
				GCC_WARN_64_TO_32_BIT_CONVERSION = YES;
				GCC_WARN_ABOUT_RETURN_TYPE = YES_ERROR;
				GCC_WARN_UNDECLARED_SELECTOR = YES;
				GCC_WARN_UNINITIALIZED_AUTOS = YES_AGGRESSIVE;
				GCC_WARN_UNUSED_FUNCTION = YES;
				GCC_WARN_UNUSED_VARIABLE = YES;
				IPHONEOS_DEPLOYMENT_TARGET = 18.5;
				LOCALIZATION_PREFERS_STRING_CATALOGS = YES;
				MTL_ENABLE_DEBUG_INFO = INCLUDE_SOURCE;
				MTL_FAST_MATH = YES;
				ONLY_ACTIVE_ARCH = YES;
				SDKROOT = iphoneos;
				SWIFT_ACTIVE_COMPILATION_CONDITIONS = "DEBUG $(inherited)";
				SWIFT_OPTIMIZATION_LEVEL = "-Onone";
			};
			name = Debug;
		};
		1507CCBA2E68BED600C05232 /* Release */ = {
			isa = XCBuildConfiguration;
			buildSettings = {
				ALWAYS_SEARCH_USER_PATHS = NO;
				ASSETCATALOG_COMPILER_GENERATE_SWIFT_ASSET_SYMBOL_EXTENSIONS = YES;
				CLANG_ANALYZER_NONNULL = YES;
				CLANG_ANALYZER_NUMBER_OBJECT_CONVERSION = YES_AGGRESSIVE;
				CLANG_CXX_LANGUAGE_STANDARD = "gnu++20";
				CLANG_ENABLE_MODULES = YES;
				CLANG_ENABLE_OBJC_ARC = YES;
				CLANG_ENABLE_OBJC_WEAK = YES;
				CLANG_WARN_BLOCK_CAPTURE_AUTORELEASING = YES;
				CLANG_WARN_BOOL_CONVERSION = YES;
				CLANG_WARN_COMMA = YES;
				CLANG_WARN_CONSTANT_CONVERSION = YES;
				CLANG_WARN_DEPRECATED_OBJC_IMPLEMENTATIONS = YES;
				CLANG_WARN_DIRECT_OBJC_ISA_USAGE = YES_ERROR;
				CLANG_WARN_DOCUMENTATION_COMMENTS = YES;
				CLANG_WARN_EMPTY_BODY = YES;
				CLANG_WARN_ENUM_CONVERSION = YES;
				CLANG_WARN_INFINITE_RECURSION = YES;
				CLANG_WARN_INT_CONVERSION = YES;
				CLANG_WARN_NON_LITERAL_NULL_CONVERSION = YES;
				CLANG_WARN_OBJC_IMPLICIT_RETAIN_SELF = YES;
				CLANG_WARN_OBJC_LITERAL_CONVERSION = YES;
				CLANG_WARN_OBJC_ROOT_CLASS = YES_ERROR;
				CLANG_WARN_QUOTED_INCLUDE_IN_FRAMEWORK_HEADER = YES;
				CLANG_WARN_RANGE_LOOP_ANALYSIS = YES;
				CLANG_WARN_STRICT_PROTOTYPES = YES;
				CLANG_WARN_SUSPICIOUS_MOVE = YES;
				CLANG_WARN_UNGUARDED_AVAILABILITY = YES_AGGRESSIVE;
				CLANG_WARN_UNREACHABLE_CODE = YES;
				CLANG_WARN__DUPLICATE_METHOD_MATCH = YES;
				COPY_PHASE_STRIP = NO;
				DEBUG_INFORMATION_FORMAT = "dwarf-with-dsym";
				ENABLE_NS_ASSERTIONS = NO;
				ENABLE_STRICT_OBJC_MSGSEND = YES;
				ENABLE_USER_SCRIPT_SANDBOXING = YES;
				GCC_C_LANGUAGE_STANDARD = gnu17;
				GCC_NO_COMMON_BLOCKS = YES;
				GCC_WARN_64_TO_32_BIT_CONVERSION = YES;
				GCC_WARN_ABOUT_RETURN_TYPE = YES_ERROR;
				GCC_WARN_UNDECLARED_SELECTOR = YES;
				GCC_WARN_UNINITIALIZED_AUTOS = YES_AGGRESSIVE;
				GCC_WARN_UNUSED_FUNCTION = YES;
				GCC_WARN_UNUSED_VARIABLE = YES;
				IPHONEOS_DEPLOYMENT_TARGET = 18.5;
				LOCALIZATION_PREFERS_STRING_CATALOGS = YES;
				MTL_ENABLE_DEBUG_INFO = NO;
				MTL_FAST_MATH = YES;
				SDKROOT = iphoneos;
				SWIFT_COMPILATION_MODE = wholemodule;
				VALIDATE_PRODUCT = YES;
			};
			name = Release;
		};
		1507CCBC2E68BED600C05232 /* Debug */ = {
			isa = XCBuildConfiguration;
			buildSettings = {
				ASSETCATALOG_COMPILER_APPICON_NAME = AppIcon;
				ASSETCATALOG_COMPILER_GLOBAL_ACCENT_COLOR_NAME = AccentColor;
				CODE_SIGN_STYLE = Automatic;
				CURRENT_PROJECT_VERSION = 69;
				DEVELOPMENT_TEAM = 434RL5948H;
				ENABLE_PREVIEWS = YES;
				GENERATE_INFOPLIST_FILE = YES;
				INFOPLIST_KEY_UIApplicationSceneManifest_Generation = YES;
				INFOPLIST_KEY_UIApplicationSupportsIndirectInputEvents = YES;
				INFOPLIST_KEY_UILaunchScreen_Generation = YES;
				INFOPLIST_KEY_UISupportedInterfaceOrientations_iPad = "UIInterfaceOrientationPortrait UIInterfaceOrientationPortraitUpsideDown UIInterfaceOrientationLandscapeLeft UIInterfaceOrientationLandscapeRight";
				INFOPLIST_KEY_UISupportedInterfaceOrientations_iPhone = "UIInterfaceOrientationPortrait UIInterfaceOrientationLandscapeLeft UIInterfaceOrientationLandscapeRight";
				LD_RUNPATH_SEARCH_PATHS = (
					"$(inherited)",
					"@executable_path/Frameworks",
				);
				MARKETING_VERSION = 2.0.69;
				PRODUCT_BUNDLE_IDENTIFIER = com.universerpg.app.UniverseRPG;
				PRODUCT_NAME = "$(TARGET_NAME)";
				SWIFT_EMIT_LOC_STRINGS = YES;
				SWIFT_VERSION = 5.0;
				TARGETED_DEVICE_FAMILY = "1,2";
			};
			name = Debug;
		};
		1507CCBD2E68BED600C05232 /* Release */ = {
			isa = XCBuildConfiguration;
			buildSettings = {
				ASSETCATALOG_COMPILER_APPICON_NAME = AppIcon;
				ASSETCATALOG_COMPILER_GLOBAL_ACCENT_COLOR_NAME = AccentColor;
				CODE_SIGN_STYLE = Automatic;
				CURRENT_PROJECT_VERSION = 69;
				DEVELOPMENT_TEAM = 434RL5948H;
				ENABLE_PREVIEWS = YES;
				GENERATE_INFOPLIST_FILE = YES;
				INFOPLIST_KEY_UIApplicationSceneManifest_Generation = YES;
				INFOPLIST_KEY_UIApplicationSupportsIndirectInputEvents = YES;
				INFOPLIST_KEY_UILaunchScreen_Generation = YES;
				INFOPLIST_KEY_UISupportedInterfaceOrientations_iPad = "UIInterfaceOrientationPortrait UIInterfaceOrientationPortraitUpsideDown UIInterfaceOrientationLandscapeLeft UIInterfaceOrientationLandscapeRight";
				INFOPLIST_KEY_UISupportedInterfaceOrientations_iPhone = "UIInterfaceOrientationPortrait UIInterfaceOrientationLandscapeLeft UIInterfaceOrientationLandscapeRight";
				LD_RUNPATH_SEARCH_PATHS = (
					"$(inherited)",
					"@executable_path/Frameworks",
				);
				MARKETING_VERSION = 2.0.69;
				PRODUCT_BUNDLE_IDENTIFIER = com.universerpg.app.UniverseRPG;
				PRODUCT_NAME = "$(TARGET_NAME)";
				SWIFT_EMIT_LOC_STRINGS = YES;
				SWIFT_VERSION = 5.0;
				TARGETED_DEVICE_FAMILY = "1,2";
			};
			name = Release;
		};
		1507CCBF2E68BED600C05232 /* Debug */ = {
			isa = XCBuildConfiguration;
			buildSettings = {
				BUNDLE_LOADER = "$(TEST_HOST)";
				CODE_SIGN_STYLE = Automatic;
				CURRENT_PROJECT_VERSION = 69;
				DEVELOPMENT_TEAM = 434RL5948H;
				GENERATE_INFOPLIST_FILE = YES;
				IPHONEOS_DEPLOYMENT_TARGET = 18.5;
				MARKETING_VERSION = 2.0.69;
				PRODUCT_BUNDLE_IDENTIFIER = com.universerpg.app.UniverseRPGTests;
				PRODUCT_NAME = "$(TARGET_NAME)";
				SWIFT_EMIT_LOC_STRINGS = NO;
				SWIFT_VERSION = 5.0;
				TARGETED_DEVICE_FAMILY = "1,2";
				TEST_HOST = "$(BUILT_PRODUCTS_DIR)/UniverseRPG.app/$(BUNDLE_EXECUTABLE_FOLDER_PATH)/UniverseRPG";
			};
			name = Debug;
		};
		1507CCC02E68BED600C05232 /* Release */ = {
			isa = XCBuildConfiguration;
			buildSettings = {
				BUNDLE_LOADER = "$(TEST_HOST)";
				CODE_SIGN_STYLE = Automatic;
				CURRENT_PROJECT_VERSION = 69;
				DEVELOPMENT_TEAM = 434RL5948H;
				GENERATE_INFOPLIST_FILE = YES;
				IPHONEOS_DEPLOYMENT_TARGET = 18.5;
				MARKETING_VERSION = 2.0.69;
				PRODUCT_BUNDLE_IDENTIFIER = com.universerpg.app.UniverseRPGTests;
				PRODUCT_NAME = "$(TARGET_NAME)";
				SWIFT_EMIT_LOC_STRINGS = NO;
				SWIFT_VERSION = 5.0;
				TARGETED_DEVICE_FAMILY = "1,2";
				TEST_HOST = "$(BUILT_PRODUCTS_DIR)/UniverseRPG.app/$(BUNDLE_EXECUTABLE_FOLDER_PATH)/UniverseRPG";
			};
			name = Release;
		};
		1507CCC22E68BED600C05232 /* Debug */ = {
			isa = XCBuildConfiguration;
			buildSettings = {
				CODE_SIGN_STYLE = Automatic;
				CURRENT_PROJECT_VERSION = 69;
				DEVELOPMENT_TEAM = 434RL5948H;
				GENERATE_INFOPLIST_FILE = YES;
				MARKETING_VERSION = 2.0.69;
				PRODUCT_BUNDLE_IDENTIFIER = com.universerpg.app.UniverseRPGUITests;
				PRODUCT_NAME = "$(TARGET_NAME)";
				SWIFT_EMIT_LOC_STRINGS = NO;
				SWIFT_VERSION = 5.0;
				TARGETED_DEVICE_FAMILY = "1,2";
				TEST_TARGET_NAME = UniverseRPG;
			};
			name = Debug;
		};
		1507CCC32E68BED600C05232 /* Release */ = {
			isa = XCBuildConfiguration;
			buildSettings = {
				CODE_SIGN_STYLE = Automatic;
				CURRENT_PROJECT_VERSION = 69;
				DEVELOPMENT_TEAM = 434RL5948H;
				GENERATE_INFOPLIST_FILE = YES;
				MARKETING_VERSION = 2.0.69;
				PRODUCT_BUNDLE_IDENTIFIER = com.universerpg.app.UniverseRPGUITests;
				PRODUCT_NAME = "$(TARGET_NAME)";
				SWIFT_EMIT_LOC_STRINGS = NO;
				SWIFT_VERSION = 5.0;
				TARGETED_DEVICE_FAMILY = "1,2";
				TEST_TARGET_NAME = UniverseRPG;
			};
			name = Release;
		};
/* End XCBuildConfiguration section */

/* Begin XCConfigurationList section */
		1507CC952E68BED400C05232 /* Build configuration list for PBXProject "UniverseRPG" */ = {
			isa = XCConfigurationList;
			buildConfigurations = (
				1507CCB92E68BED600C05232 /* Debug */,
				1507CCBA2E68BED600C05232 /* Release */,
			);
			defaultConfigurationIsVisible = 0;
			defaultConfigurationName = Release;
		};
		1507CCBB2E68BED600C05232 /* Build configuration list for PBXNativeTarget "UniverseRPG" */ = {
			isa = XCConfigurationList;
			buildConfigurations = (
				1507CCBC2E68BED600C05232 /* Debug */,
				1507CCBD2E68BED600C05232 /* Release */,
			);
			defaultConfigurationIsVisible = 0;
			defaultConfigurationName = Release;
		};
		1507CCBE2E68BED600C05232 /* Build configuration list for PBXNativeTarget "UniverseRPGTests" */ = {
			isa = XCConfigurationList;
			buildConfigurations = (
				1507CCBF2E68BED600C05232 /* Debug */,
				1507CCC02E68BED600C05232 /* Release */,
			);
			defaultConfigurationIsVisible = 0;
			defaultConfigurationName = Release;
		};
		1507CCC12E68BED600C05232 /* Build configuration list for PBXNativeTarget "UniverseRPGUITests" */ = {
			isa = XCConfigurationList;
			buildConfigurations = (
				1507CCC22E68BED600C05232 /* Debug */,
				1507CCC32E68BED600C05232 /* Release */,
			);
			defaultConfigurationIsVisible = 0;
			defaultConfigurationName = Release;
		};
/* End XCConfigurationList section */
	};
	rootObject = 1507CC922E68BED400C05232 /* Project object */;
}
